
Microsoft Visual Studio Solution File, Format Version 12.00
# Visual Studio Version 17
VisualStudioVersion = 17.10.34916.146
MinimumVisualStudioVersion = 10.0.40219.1
Project("{FAE04EC0-301F-11D3-BF4B-00C04F79EFBC}") = "FemurBreakerTertingVersion", "FemurBreakerTertingVersion\FemurBreakerTertingVersion.csproj", "{5B2B74FF-F0AB-4927-B3FF-5B693CA47C6E}"
EndProject
Global
	GlobalSection(SolutionConfigurationPlatforms) = preSolution
		Debug|Any CPU = Debug|Any CPU
		Release|Any CPU = Release|Any CPU
	EndGlobalSection
	GlobalSection(ProjectConfigurationPlatforms) = postSolution
		{5B2B74FF-F0AB-4927-B3FF-5B693CA47C6E}.Debug|Any CPU.ActiveCfg = Debug|Any CPU
		{5B2B74FF-F0AB-4927-B3FF-5B693CA47C6E}.Debug|Any CPU.Build.0 = Debug|Any CPU
		{5B2B74FF-F0AB-4927-B3FF-5B693CA47C6E}.Release|Any CPU.ActiveCfg = Release|Any CPU
		{5B2B74FF-F0AB-4927-B3FF-5B693CA47C6E}.Release|Any CPU.Build.0 = Release|Any CPU
	EndGlobalSection
	GlobalSection(SolutionProperties) = preSolution
		HideSolutionNode = FALSE
	EndGlobalSection
	GlobalSection(ExtensibilityGlobals) = postSolution
		SolutionGuid = {31BB3EB9-DC96-4925-852B-4D4EA8744EDC}
	EndGlobalSection
EndGlobal
